{
  "version": 4,
  "terraform_version": "1.16.1",
  "serial": 5,
  "lineage": "34ac2219-eee4-e23d-b4c0-06def3fdd5a5",
  "outputs": {},
  "resources": [
    {
      "mode": "managed",
      "type": "docker_image",
      "name": "nginx",
      "provider": "provider[\"registry.terraform.io/kreuzwerker/docker\"]",
      "instances": [
        {
          "schema_version": 0,
          "attributes": {
            "build": [],
            "force_remove": null,
            "id": "sha256:05b8cb60c354a44ab824ea6e7dc69b46d50762cdbe728a347a5b656e6fb3d7c4nginx:latest",
            "image_id": "sha256:05b8cb60c354a44ab824ea6e7dc69b46d50762cdbe728a347a5b656e6fb3d7c4",
            "keep_locally": false,
            "name": "nginx:latest",
            "platform": null,
            "pull_triggers": null,
            "repo_digest": "nginx@sha256:05b8cb60c354a44ab824ea6e7dc69b46d50762cdbe728a347a5b656e6fb3d7c4",
            "timeouts": null,
            "triggers": null
          },
          "sensitive_attributes": [],
          "identity_schema_version": 0,
          "private": "eyJlMmJmYjczMC1lY2FhLTExZTYtOGY4OC0zNDM2M2JjN2M0YzAiOnsiY3JlYXRlIjoxMjAwMDAwMDAwMDAwLCJkZWxldGUiOjEyMDAwMDAwMDAwMDAsInVwZGF0ZSI6MTIwMDAwMDAwMDAwMH19"
        }
      ]
    }
  ],
  "check_results": null
}
